
Microsoft Visual Studio Solution File, Format Version 12.00
# Visual Studio Version 16
VisualStudioVersion = 16.0.31129.286
MinimumVisualStudioVersion = 10.0.40219.1
Project("{FAE04EC0-301F-11D3-BF4B-00C04F79EFBC}") = "address book", "address book.csproj", "{BEB498B3-76E4-44A3-8072-982DA28F97AA}"
EndProject
Global
	GlobalSection(SolutionConfigurationPlatforms) = preSolution
		Debug|Any CPU = Debug|Any CPU
		Release|Any CPU = Release|Any CPU
	EndGlobalSection
	GlobalSection(ProjectConfigurationPlatforms) = postSolution
		{BEB498B3-76E4-44A3-8072-982DA28F97AA}.Debug|Any CPU.ActiveCfg = Debug|Any CPU
		{BEB498B3-76E4-44A3-8072-982DA28F97AA}.Debug|Any CPU.Build.0 = Debug|Any CPU
		{BEB498B3-76E4-44A3-8072-982DA28F97AA}.Release|Any CPU.ActiveCfg = Release|Any CPU
		{BEB498B3-76E4-44A3-8072-982DA28F97AA}.Release|Any CPU.Build.0 = Release|Any CPU
	EndGlobalSection
	GlobalSection(SolutionProperties) = preSolution
		HideSolutionNode = FALSE
	EndGlobalSection
	GlobalSection(ExtensibilityGlobals) = postSolution
		SolutionGuid = {1245210F-7E53-40C4-B803-F5E8C681C342}
	EndGlobalSection
EndGlobal
